
Microsoft Visual Studio Solution File, Format Version 11.00
# Visual Studio 2010
Project("{FAE04EC0-301F-11D3-BF4B-00C04F79EFBC}") = "QUAN_LY_THU_VIEN", "QUAN_LY_THU_VIEN\QUAN_LY_THU_VIEN.csproj", "{C94D16D2-2B9C-4BA5-9B7C-203812204645}"
EndProject
Global
	GlobalSection(SolutionConfigurationPlatforms) = preSolution
		Debug|x86 = Debug|x86
		Release|x86 = Release|x86
	EndGlobalSection
	GlobalSection(ProjectConfigurationPlatforms) = postSolution
		{C94D16D2-2B9C-4BA5-9B7C-203812204645}.Debug|x86.ActiveCfg = Debug|x86
		{C94D16D2-2B9C-4BA5-9B7C-203812204645}.Debug|x86.Build.0 = Debug|x86
		{C94D16D2-2B9C-4BA5-9B7C-203812204645}.Release|x86.ActiveCfg = Release|x86
		{C94D16D2-2B9C-4BA5-9B7C-203812204645}.Release|x86.Build.0 = Release|x86
	EndGlobalSection
	GlobalSection(SolutionProperties) = preSolution
		HideSolutionNode = FALSE
	EndGlobalSection
EndGlobal
